<?xml version="1.0" encoding="utf-8"?>
<Project ToolsVersion="4.0" xmlns="http://schemas.microsoft.com/developer/msbuild/2003">
  <ItemGroup>
    <ClInclude Include="EndingLevel.h">
      <Filter>Level</Filter>
    </ClInclude>
    <ClInclude Include="CraneFever.h">
      <Filter>Global\BonusGame</Filter>
    </ClInclude>
    <ClInclude Include="EggCatcher.h">
      <Filter>Global\BonusGame</Filter>
    </ClInclude>
    <ClInclude Include="Museums.h">
      <Filter>Global\BonusGame</Filter>
    </ClInclude>
    <ClInclude Include="BonusGameSubScreens.h">
      <Filter>Global\BonusGame</Filter>
    </ClInclude>
    <ClInclude Include="Kirby.h">
      <Filter>Global\Object</Filter>
    </ClInclude>
    <ClInclude Include="KirbySAbillity.h">
      <Filter>Global\Object</Filter>
    </ClInclude>
    <ClInclude Include="Boss.h">
      <Filter>Global\Object\Enemy\Boss</Filter>
    </ClInclude>
    <ClInclude Include="MrSunMrMoon.h">
      <Filter>Global\Object\Enemy\Boss</Filter>
    </ClInclude>
    <ClInclude Include="WhispyWood.h">
      <Filter>Global\Object\Enemy\Boss</Filter>
    </ClInclude>
    <ClInclude Include="WaddleDee.h">
      <Filter>Global\Object\Enemy\NomalEnemy</Filter>
    </ClInclude>
    <ClInclude Include="Cappy.h">
      <Filter>Global\Object\Enemy\NomalEnemy</Filter>
    </ClInclude>
    <ClInclude Include="Kabu.h">
      <Filter>Global\Object\Enemy\NomalEnemy</Filter>
    </ClInclude>
    <ClInclude Include="NomalEnemies.h">
      <Filter>Global\Object\Enemy\NomalEnemy</Filter>
    </ClInclude>
    <ClInclude Include="PoppyBrosJr.h">
      <Filter>Global\Object\Enemy\NomalEnemy</Filter>
    </ClInclude>
    <ClInclude Include="BroomHatter.h">
      <Filter>Global\Object\Enemy\NomalEnemy</Filter>
    </ClInclude>
    <ClInclude Include="Enemy.h">
      <Filter>Global\Object\Enemy</Filter>
    </ClInclude>
    <ClInclude Include="PowerEnemy.h">
      <Filter>Global\Object\Enemy\PowerEnemy</Filter>
    </ClInclude>
    <ClInclude Include="Parasol.h">
      <Filter>Global\Object\Enemy\PowerEnemy</Filter>
    </ClInclude>
    <ClInclude Include="Sparky.h">
      <Filter>Global\Object\Enemy\PowerEnemy</Filter>
    </ClInclude>
    <ClInclude Include="LaserBall.h">
      <Filter>Global\Object\Enemy\PowerEnemy</Filter>
    </ClInclude>
    <ClInclude Include="Bomber.h">
      <Filter>Global\Object\Enemy\PowerEnemy</Filter>
    </ClInclude>
    <ClInclude Include="UFO.h">
      <Filter>Global\Object\Enemy\PowerEnemy</Filter>
    </ClInclude>
    <ClInclude Include="WaddleDoo.h">
      <Filter>Global\Object\Enemy\PowerEnemy</Filter>
    </ClInclude>
    <ClInclude Include="SirKibble.h">
      <Filter>Global\Object\Enemy\PowerEnemy</Filter>
    </ClInclude>
    <ClInclude Include="HubSprites.h">
      <Filter>Global\Object</Filter>
    </ClInclude>
    <ClInclude Include="PauseLevel.h">
      <Filter>Level</Filter>
    </ClInclude>
    <ClInclude Include="GameOverLevel.h">
      <Filter>Level</Filter>
    </ClInclude>
    <ClInclude Include="HpLadyBug.h">
      <Filter>Global\Object\Item</Filter>
    </ClInclude>
    <ClInclude Include="OneCoinUp.h">
      <Filter>Global\Object\Item</Filter>
    </ClInclude>
    <ClInclude Include="HealthJuice.h">
      <Filter>Global\Object\Item</Filter>
    </ClInclude>
    <ClInclude Include="StarStick.h">
      <Filter>Global\Object\Item</Filter>
    </ClInclude>
    <ClInclude Include="AbillityEffect.h">
      <Filter>Global\Object\Enemy</Filter>
    </ClInclude>
    <ClInclude Include="StarStickEffectFrame.h">
      <Filter>Global\Object\Item</Filter>
    </ClInclude>
    <ClInclude Include="ContentsCore.h" />
    <ClInclude Include="Player.h">
      <Filter>Global</Filter>
    </ClInclude>
    <ClInclude Include="BackGround.h">
      <Filter>Global</Filter>
    </ClInclude>
    <ClInclude Include="ContentsEnum.h">
      <Filter>Global</Filter>
    </ClInclude>
    <ClInclude Include="Projectile.h">
      <Filter>Global</Filter>
    </ClInclude>
    <ClInclude Include="VegetableValley12.h">
      <Filter>Level\Map\VegetableValley</Filter>
    </ClInclude>
    <ClInclude Include="TitleLevel.h">
      <Filter>Level</Filter>
    </ClInclude>
    <ClInclude Include="VegetableValley11.h">
      <Filter>Level\Map\VegetableValley</Filter>
    </ClInclude>
    <ClInclude Include="VegetableValley13.h">
      <Filter>Level\Map\VegetableValley</Filter>
    </ClInclude>
    <ClInclude Include="VegetableValleyHub.h">
      <Filter>Level\Map\VegetableValley</Filter>
    </ClInclude>
    <ClInclude Include="VegetableValleyIntro.h">
      <Filter>Level\Map\VegetableValley</Filter>
    </ClInclude>
    <ClInclude Include="VegetableValleyBoss.h">
      <Filter>Level\Map\VegetableValley</Filter>
    </ClInclude>
  </ItemGroup>
  <ItemGroup>
    <ClCompile Include="TitleLevel.cpp">
      <Filter>Level</Filter>
    </ClCompile>
    <ClCompile Include="EndingLevel.cpp">
      <Filter>Level</Filter>
    </ClCompile>
    <ClCompile Include="CraneFever.cpp">
      <Filter>Global\BonusGame</Filter>
    </ClCompile>
    <ClCompile Include="EggCatcher.cpp">
      <Filter>Global\BonusGame</Filter>
    </ClCompile>
    <ClCompile Include="Museums.cpp">
      <Filter>Global\BonusGame</Filter>
    </ClCompile>
    <ClCompile Include="BonusGameSubScreens.cpp">
      <Filter>Global\BonusGame</Filter>
    </ClCompile>
    <ClCompile Include="Kirby.cpp">
      <Filter>Global\Object</Filter>
    </ClCompile>
    <ClCompile Include="KirbySAbillity.cpp">
      <Filter>Global\Object</Filter>
    </ClCompile>
    <ClCompile Include="Boss.cpp">
      <Filter>Global\Object\Enemy\Boss</Filter>
    </ClCompile>
    <ClCompile Include="MrSunMrMoon.cpp">
      <Filter>Global\Object\Enemy\Boss</Filter>
    </ClCompile>
    <ClCompile Include="WhispyWood.cpp">
      <Filter>Global\Object\Enemy\Boss</Filter>
    </ClCompile>
    <ClCompile Include="Cappy.cpp">
      <Filter>Global\Object\Enemy\NomalEnemy</Filter>
    </ClCompile>
    <ClCompile Include="Kabu.cpp">
      <Filter>Global\Object\Enemy\NomalEnemy</Filter>
    </ClCompile>
    <ClCompile Include="NomalEnemies.cpp">
      <Filter>Global\Object\Enemy\NomalEnemy</Filter>
    </ClCompile>
    <ClCompile Include="PoppyBrosJr.cpp">
      <Filter>Global\Object\Enemy\NomalEnemy</Filter>
    </ClCompile>
    <ClCompile Include="WaddleDee.cpp">
      <Filter>Global\Object\Enemy\NomalEnemy</Filter>
    </ClCompile>
    <ClCompile Include="BroomHatter.cpp">
      <Filter>Global\Object\Enemy\NomalEnemy</Filter>
    </ClCompile>
    <ClCompile Include="Enemy.cpp">
      <Filter>Global\Object\Enemy</Filter>
    </ClCompile>
    <ClCompile Include="PowerEnemy.cpp">
      <Filter>Global\Object\Enemy\PowerEnemy</Filter>
    </ClCompile>
    <ClCompile Include="Parasol.cpp">
      <Filter>Global\Object\Enemy\PowerEnemy</Filter>
    </ClCompile>
    <ClCompile Include="Sparky.cpp">
      <Filter>Global\Object\Enemy\PowerEnemy</Filter>
    </ClCompile>
    <ClCompile Include="LaserBall.cpp">
      <Filter>Global\Object\Enemy\PowerEnemy</Filter>
    </ClCompile>
    <ClCompile Include="Bomber.cpp">
      <Filter>Global\Object\Enemy\PowerEnemy</Filter>
    </ClCompile>
    <ClCompile Include="UFO.cpp">
      <Filter>Global\Object\Enemy\PowerEnemy</Filter>
    </ClCompile>
    <ClCompile Include="WaddleDoo.cpp">
      <Filter>Global\Object\Enemy\PowerEnemy</Filter>
    </ClCompile>
    <ClCompile Include="SirKibble.cpp">
      <Filter>Global\Object\Enemy\PowerEnemy</Filter>
    </ClCompile>
    <ClCompile Include="HubSprites.cpp">
      <Filter>Global\Object</Filter>
    </ClCompile>
    <ClCompile Include="PauseLevel.cpp">
      <Filter>Level</Filter>
    </ClCompile>
    <ClCompile Include="GameOverLevel.cpp">
      <Filter>Level</Filter>
    </ClCompile>
    <ClCompile Include="HpLadyBug.cpp">
      <Filter>Global\Object\Item</Filter>
    </ClCompile>
    <ClCompile Include="HealthJuice.cpp">
      <Filter>Global\Object\Item</Filter>
    </ClCompile>
    <ClCompile Include="OneCoinUp.cpp">
      <Filter>Global\Object\Item</Filter>
    </ClCompile>
    <ClCompile Include="StarStick.cpp">
      <Filter>Global\Object\Item</Filter>
    </ClCompile>
    <ClCompile Include="AbillityEffect.cpp">
      <Filter>Global\Object\Enemy</Filter>
    </ClCompile>
    <ClCompile Include="StarStickEffectFrame.cpp">
      <Filter>Global\Object\Item</Filter>
    </ClCompile>
    <ClCompile Include="ContentsCore.cpp" />
    <ClCompile Include="Player.cpp">
      <Filter>Global</Filter>
    </ClCompile>
    <ClCompile Include="BackGround.cpp">
      <Filter>Global</Filter>
    </ClCompile>
    <ClCompile Include="Projectile.cpp">
      <Filter>Global</Filter>
    </ClCompile>
    <ClCompile Include="VegetableValley12.cpp">
      <Filter>Level\Map\VegetableValley</Filter>
    </ClCompile>
    <ClCompile Include="VegetableValley11.cpp">
      <Filter>Level\Map\VegetableValley</Filter>
    </ClCompile>
    <ClCompile Include="VegetableValley13.cpp">
      <Filter>Level\Map\VegetableValley</Filter>
    </ClCompile>
    <ClCompile Include="VegetableValleyHub.cpp">
      <Filter>Level\Map\VegetableValley</Filter>
    </ClCompile>
    <ClCompile Include="VegetableValleyIntro.cpp">
      <Filter>Level\Map\VegetableValley</Filter>
    </ClCompile>
    <ClCompile Include="VegetableValleyBoss.cpp">
      <Filter>Level\Map\VegetableValley</Filter>
    </ClCompile>
  </ItemGroup>
  <ItemGroup>
    <Filter Include="Level">
      <UniqueIdentifier>{c48bda09-ac6f-4661-a193-86efece953e9}</UniqueIdentifier>
    </Filter>
    <Filter Include="Global">
      <UniqueIdentifier>{9155d0da-b218-4246-b62f-a8460b5af5aa}</UniqueIdentifier>
    </Filter>
    <Filter Include="Global\Object">
      <UniqueIdentifier>{29561cda-51c6-4eff-815f-9904e90b2c67}</UniqueIdentifier>
    </Filter>
    <Filter Include="Global\Object\Enemy">
      <UniqueIdentifier>{197cd24b-4378-466d-acfc-309cb48a1c97}</UniqueIdentifier>
    </Filter>
    <Filter Include="Global\Object\Enemy\Boss">
      <UniqueIdentifier>{973dc45e-61ac-4909-959a-a6dfd6445fb6}</UniqueIdentifier>
    </Filter>
    <Filter Include="Global\Object\Enemy\NomalEnemy">
      <UniqueIdentifier>{8121d90c-1636-4ed1-b51c-71564d1dc27d}</UniqueIdentifier>
    </Filter>
    <Filter Include="Global\Object\Enemy\PowerEnemy">
      <UniqueIdentifier>{f61bc0d8-4dc1-447d-a8d0-3b52c77e5879}</UniqueIdentifier>
    </Filter>
    <Filter Include="Global\Object\Item">
      <UniqueIdentifier>{2577c5c7-4942-4c18-9258-ec0786673c07}</UniqueIdentifier>
    </Filter>
    <Filter Include="Global\BonusGame">
      <UniqueIdentifier>{d1136692-8bb9-4d94-8eaf-f74616439112}</UniqueIdentifier>
    </Filter>
    <Filter Include="Level\Map">
      <UniqueIdentifier>{dfe21694-0b7a-4e50-a873-1fc0b5ad1a85}</UniqueIdentifier>
    </Filter>
    <Filter Include="Level\Map\VegetableValley">
      <UniqueIdentifier>{4cd6af2d-814d-44c5-a5c0-bc0554558c9e}</UniqueIdentifier>
    </Filter>
  </ItemGroup>
</Project>